{
  "name": "qbit-race",
  "version": "1.0.0",
  "lockfileVersion": 2,
  "requires": true,
  "packages": {
    "": {
      "version": "1.0.0",
      "license": "ISC",
      "dependencies": {
        "@types/node": "^14.11.2",
        "axios": "^0.21.1",
        "dotenv": "^10.0.0",
        "form-data": "^4.0.0",
        "lowdb": "github:dankreiger/lowdb#chore/esm-cjs-hybrid-WITH-LIB"
      },
      "devDependencies": {
        "@types/lowdb": "^1.0.9"
      }
    },
    "node_modules/@types/lodash": {
      "version": "4.14.170",
      "resolved": "https://registry.npmjs.org/@types/lodash/-/lodash-4.14.170.tgz",
      "integrity": "sha512-bpcvu/MKHHeYX+qeEN8GE7DIravODWdACVA1ctevD8CN24RhPZIKMn9ntfAsrvLfSX3cR5RrBKAbYm9bGs0A+Q==",
      "dev": true
    },
    "node_modules/@types/lowdb": {
      "version": "1.0.10",
      "resolved": "https://registry.npmjs.org/@types/lowdb/-/lowdb-1.0.10.tgz",
      "integrity": "sha512-DmmY+UZAAc2cs4pYnr7WOp9tFYrDeQ2cKSC5JuAQ2ai40IctBT/ef+Qm2ulLOfqR7POqR+5hnAouU7hojCoMCg==",
      "dev": true,
      "dependencies": {
        "@types/lodash": "*"
      }
    },
    "node_modules/@types/node": {
      "version": "14.17.2",
      "resolved": "https://registry.npmjs.org/@types/node/-/node-14.17.2.tgz",
      "integrity": "sha512-sld7b/xmFum66AAKuz/rp/CUO8+98fMpyQ3SBfzzBNGMd/1iHBTAg9oyAvcYlAj46bpc74r91jSw2iFdnx29nw=="
    },
    "node_modules/asynckit": {
      "version": "0.4.0",
      "resolved": "https://registry.npmjs.org/asynckit/-/asynckit-0.4.0.tgz",
      "integrity": "sha1-x57Zf380y48robyXkLzDZkdLS3k="
    },
    "node_modules/axios": {
      "version": "0.21.1",
      "resolved": "https://registry.npmjs.org/axios/-/axios-0.21.1.tgz",
      "integrity": "sha512-dKQiRHxGD9PPRIUNIWvZhPTPpl1rf/OxTYKsqKUDjBwYylTvV7SjSHJb9ratfyzM6wCdLCOYLzs73qpg5c4iGA==",
      "dependencies": {
        "follow-redirects": "^1.10.0"
      }
    },
    "node_modules/combined-stream": {
      "version": "1.0.8",
      "resolved": "https://registry.npmjs.org/combined-stream/-/combined-stream-1.0.8.tgz",
      "integrity": "sha512-FQN4MRfuJeHf7cBbBMJFXhKSDq+2kAArBlmRBvcvFE5BB1HZKXtSFASDhdlz9zOYwxh8lDdnvmMOe/+5cdoEdg==",
      "dependencies": {
        "delayed-stream": "~1.0.0"
      },
      "engines": {
        "node": ">= 0.8"
      }
    },
    "node_modules/delayed-stream": {
      "version": "1.0.0",
      "resolved": "https://registry.npmjs.org/delayed-stream/-/delayed-stream-1.0.0.tgz",
      "integrity": "sha1-3zrhmayt+31ECqrgsp4icrJOxhk=",
      "engines": {
        "node": ">=0.4.0"
      }
    },
    "node_modules/dotenv": {
      "version": "10.0.0",
      "resolved": "https://registry.npmjs.org/dotenv/-/dotenv-10.0.0.tgz",
      "integrity": "sha512-rlBi9d8jpv9Sf1klPjNfFAuWDjKLwTIJJ/VxtoTwIR6hnZxcEOQCZg2oIL3MWBYw5GpUDKOEnND7LXTbIpQ03Q==",
      "engines": {
        "node": ">=10"
      }
    },
    "node_modules/follow-redirects": {
      "version": "1.14.1",
      "resolved": "https://registry.npmjs.org/follow-redirects/-/follow-redirects-1.14.1.tgz",
      "integrity": "sha512-HWqDgT7ZEkqRzBvc2s64vSZ/hfOceEol3ac/7tKwzuvEyWx3/4UegXh5oBOIotkGsObyk3xznnSRVADBgWSQVg==",
      "engines": {
        "node": ">=4.0"
      }
    },
    "node_modules/form-data": {
      "version": "4.0.0",
      "resolved": "https://registry.npmjs.org/form-data/-/form-data-4.0.0.tgz",
      "integrity": "sha512-ETEklSGi5t0QMZuiXoA/Q6vcnxcLQP5vdugSpuAyi6SVGi2clPPp+xgEhuMaHC+zGgn31Kd235W35f7Hykkaww==",
      "dependencies": {
        "asynckit": "^0.4.0",
        "combined-stream": "^1.0.8",
        "mime-types": "^2.1.12"
      },
      "engines": {
        "node": ">= 6"
      }
    },
    "node_modules/lowdb": {
      "resolved": "git+ssh://git@github.com/dankreiger/lowdb.git#55501007f52ca06ef682aa34f4809d320f1a4e48",
      "dependencies": {
        "steno": "^1.0.0"
      },
      "engines": {
        "node": "^12.20.0 || ^14.13.1 || >=16.0.0"
      }
    },
    "node_modules/mime-db": {
      "version": "1.48.0",
      "resolved": "https://registry.npmjs.org/mime-db/-/mime-db-1.48.0.tgz",
      "integrity": "sha512-FM3QwxV+TnZYQ2aRqhlKBMHxk10lTbMt3bBkMAp54ddrNeVSfcQYOOKuGuy3Ddrm38I04If834fOUSq1yzslJQ==",
      "engines": {
        "node": ">= 0.6"
      }
    },
    "node_modules/mime-types": {
      "version": "2.1.31",
      "resolved": "https://registry.npmjs.org/mime-types/-/mime-types-2.1.31.tgz",
      "integrity": "sha512-XGZnNzm3QvgKxa8dpzyhFTHmpP3l5YNusmne07VUOXxou9CqUqYa/HBy124RqtVh/O2pECas/MOcsDgpilPOPg==",
      "dependencies": {
        "mime-db": "1.48.0"
      },
      "engines": {
        "node": ">= 0.6"
      }
    },
    "node_modules/steno": {
      "version": "1.0.0",
      "resolved": "https://registry.npmjs.org/steno/-/steno-1.0.0.tgz",
      "integrity": "sha512-C/KgCvEa1yWnpHmaPjAXrz1yWxh6hs+HvhqqPa71euaQmNi1wr4+WFo57VQxjKKuFl2KqS7gtlrN0oxj2noQLw=="
    }
  },
  "dependencies": {
    "@types/lodash": {
      "version": "4.14.170",
      "resolved": "https://registry.npmjs.org/@types/lodash/-/lodash-4.14.170.tgz",
      "integrity": "sha512-bpcvu/MKHHeYX+qeEN8GE7DIravODWdACVA1ctevD8CN24RhPZIKMn9ntfAsrvLfSX3cR5RrBKAbYm9bGs0A+Q==",
      "dev": true
    },
    "@types/lowdb": {
      "version": "1.0.10",
      "resolved": "https://registry.npmjs.org/@types/lowdb/-/lowdb-1.0.10.tgz",
      "integrity": "sha512-DmmY+UZAAc2cs4pYnr7WOp9tFYrDeQ2cKSC5JuAQ2ai40IctBT/ef+Qm2ulLOfqR7POqR+5hnAouU7hojCoMCg==",
      "dev": true,
      "requires": {
        "@types/lodash": "*"
      }
    },
    "@types/node": {
      "version": "14.17.2",
      "resolved": "https://registry.npmjs.org/@types/node/-/node-14.17.2.tgz",
      "integrity": "sha512-sld7b/xmFum66AAKuz/rp/CUO8+98fMpyQ3SBfzzBNGMd/1iHBTAg9oyAvcYlAj46bpc74r91jSw2iFdnx29nw=="
    },
    "asynckit": {
      "version": "0.4.0",
      "resolved": "https://registry.npmjs.org/asynckit/-/asynckit-0.4.0.tgz",
      "integrity": "sha1-x57Zf380y48robyXkLzDZkdLS3k="
    },
    "axios": {
      "version": "0.21.1",
      "resolved": "https://registry.npmjs.org/axios/-/axios-0.21.1.tgz",
      "integrity": "sha512-dKQiRHxGD9PPRIUNIWvZhPTPpl1rf/OxTYKsqKUDjBwYylTvV7SjSHJb9ratfyzM6wCdLCOYLzs73qpg5c4iGA==",
      "requires": {
        "follow-redirects": "^1.10.0"
      }
    },
    "combined-stream": {
      "version": "1.0.8",
      "resolved": "https://registry.npmjs.org/combined-stream/-/combined-stream-1.0.8.tgz",
      "integrity": "sha512-FQN4MRfuJeHf7cBbBMJFXhKSDq+2kAArBlmRBvcvFE5BB1HZKXtSFASDhdlz9zOYwxh8lDdnvmMOe/+5cdoEdg==",
      "requires": {
        "delayed-stream": "~1.0.0"
      }
    },
    "delayed-stream": {
      "version": "1.0.0",
      "resolved": "https://registry.npmjs.org/delayed-stream/-/delayed-stream-1.0.0.tgz",
      "integrity": "sha1-3zrhmayt+31ECqrgsp4icrJOxhk="
    },
    "dotenv": {
      "version": "10.0.0",
      "resolved": "https://registry.npmjs.org/dotenv/-/dotenv-10.0.0.tgz",
      "integrity": "sha512-rlBi9d8jpv9Sf1klPjNfFAuWDjKLwTIJJ/VxtoTwIR6hnZxcEOQCZg2oIL3MWBYw5GpUDKOEnND7LXTbIpQ03Q=="
    },
    "follow-redirects": {
      "version": "1.14.1",
      "resolved": "https://registry.npmjs.org/follow-redirects/-/follow-redirects-1.14.1.tgz",
      "integrity": "sha512-HWqDgT7ZEkqRzBvc2s64vSZ/hfOceEol3ac/7tKwzuvEyWx3/4UegXh5oBOIotkGsObyk3xznnSRVADBgWSQVg=="
    },
    "form-data": {
      "version": "4.0.0",
      "resolved": "https://registry.npmjs.org/form-data/-/form-data-4.0.0.tgz",
      "integrity": "sha512-ETEklSGi5t0QMZuiXoA/Q6vcnxcLQP5vdugSpuAyi6SVGi2clPPp+xgEhuMaHC+zGgn31Kd235W35f7Hykkaww==",
      "requires": {
        "asynckit": "^0.4.0",
        "combined-stream": "^1.0.8",
        "mime-types": "^2.1.12"
      }
    },
    "lowdb": {
      "version": "git+ssh://git@github.com/dankreiger/lowdb.git#55501007f52ca06ef682aa34f4809d320f1a4e48",
      "from": "lowdb@github:dankreiger/lowdb#chore/esm-cjs-hybrid-WITH-LIB",
      "requires": {
        "steno": "^1.0.0"
      }
    },
    "mime-db": {
      "version": "1.48.0",
      "resolved": "https://registry.npmjs.org/mime-db/-/mime-db-1.48.0.tgz",
      "integrity": "sha512-FM3QwxV+TnZYQ2aRqhlKBMHxk10lTbMt3bBkMAp54ddrNeVSfcQYOOKuGuy3Ddrm38I04If834fOUSq1yzslJQ=="
    },
    "mime-types": {
      "version": "2.1.31",
      "resolved": "https://registry.npmjs.org/mime-types/-/mime-types-2.1.31.tgz",
      "integrity": "sha512-XGZnNzm3QvgKxa8dpzyhFTHmpP3l5YNusmne07VUOXxou9CqUqYa/HBy124RqtVh/O2pECas/MOcsDgpilPOPg==",
      "requires": {
        "mime-db": "1.48.0"
      }
    },
    "steno": {
      "version": "1.0.0",
      "resolved": "https://registry.npmjs.org/steno/-/steno-1.0.0.tgz",
      "integrity": "sha512-C/KgCvEa1yWnpHmaPjAXrz1yWxh6hs+HvhqqPa71euaQmNi1wr4+WFo57VQxjKKuFl2KqS7gtlrN0oxj2noQLw=="
    }
  }
}
